# This file is automatically @generated by Cargo.
# It is not intended for manual editing.
version = 4

[[package]]
name = "ode_oracle"
version = "0.1.0"
dependencies = [
 "rustyac-ode",
]

[[package]]
name = "rustyac-math"
version = "0.18.0"

[[package]]
name = "rustyac-ode"
version = "0.18.0"
dependencies = [
 "rustyac-math",
]
