# This file is automatically @generated by Cargo.
# It is not intended for manual editing.
version = 4

[[package]]
name = "car_oracle"
version = "0.1.0"
dependencies = [
 "rustyac-physics",
]

[[package]]
name = "rustyac-content"
version = "0.16.0"

[[package]]
name = "rustyac-math"
version = "0.16.0"

[[package]]
name = "rustyac-ode"
version = "0.16.0"
dependencies = [
 "rustyac-math",
]

[[package]]
name = "rustyac-physics"
version = "0.16.0"
dependencies = [
 "rustyac-content",
 "rustyac-math",
 "rustyac-ode",
]
